
Microsoft Visual Studio Solution File, Format Version 12.00
# Visual Studio Version 17
VisualStudioVersion = 17.4.33103.184
MinimumVisualStudioVersion = 10.0.40219.1
Project("{9A19103F-16F7-4668-BE54-9A1E7A4F7556}") = "Day2", "Day2\Day2.csproj", "{436A0629-7E18-479F-B0C7-054B490840F8}"
EndProject
Project("{9A19103F-16F7-4668-BE54-9A1E7A4F7556}") = "Day3", "Day3\Day3.csproj", "{0EAF07BB-825A-45DC-AB43-86E869A9C7A2}"
EndProject
Project("{9A19103F-16F7-4668-BE54-9A1E7A4F7556}") = "Day1", "Day1\Day1.csproj", "{C1A45BD2-7D2A-45B1-B942-6F5F4D07E7F4}"
EndProject
Project("{9A19103F-16F7-4668-BE54-9A1E7A4F7556}") = "Day4", "Day4\Day4.csproj", "{3C14F622-2678-4053-BD8C-8AE64E44C468}"
EndProject
Project("{9A19103F-16F7-4668-BE54-9A1E7A4F7556}") = "Day5", "Day5\Day5.csproj", "{E93041EA-7FFB-4ABE-B512-77DB615A1BC2}"
EndProject
Project("{FAE04EC0-301F-11D3-BF4B-00C04F79EFBC}") = "Day6", "Day6\Day6.csproj", "{ADB5C6AB-2BFE-4A83-823B-BDD8F1D4CB6E}"
EndProject
Global
	GlobalSection(SolutionConfigurationPlatforms) = preSolution
		Debug|Any CPU = Debug|Any CPU
		Release|Any CPU = Release|Any CPU
	EndGlobalSection
	GlobalSection(ProjectConfigurationPlatforms) = postSolution
		{436A0629-7E18-479F-B0C7-054B490840F8}.Debug|Any CPU.ActiveCfg = Debug|Any CPU
		{436A0629-7E18-479F-B0C7-054B490840F8}.Debug|Any CPU.Build.0 = Debug|Any CPU
		{436A0629-7E18-479F-B0C7-054B490840F8}.Release|Any CPU.ActiveCfg = Release|Any CPU
		{436A0629-7E18-479F-B0C7-054B490840F8}.Release|Any CPU.Build.0 = Release|Any CPU
		{0EAF07BB-825A-45DC-AB43-86E869A9C7A2}.Debug|Any CPU.ActiveCfg = Debug|Any CPU
		{0EAF07BB-825A-45DC-AB43-86E869A9C7A2}.Debug|Any CPU.Build.0 = Debug|Any CPU
		{0EAF07BB-825A-45DC-AB43-86E869A9C7A2}.Release|Any CPU.ActiveCfg = Release|Any CPU
		{0EAF07BB-825A-45DC-AB43-86E869A9C7A2}.Release|Any CPU.Build.0 = Release|Any CPU
		{C1A45BD2-7D2A-45B1-B942-6F5F4D07E7F4}.Debug|Any CPU.ActiveCfg = Debug|Any CPU
		{C1A45BD2-7D2A-45B1-B942-6F5F4D07E7F4}.Debug|Any CPU.Build.0 = Debug|Any CPU
		{C1A45BD2-7D2A-45B1-B942-6F5F4D07E7F4}.Release|Any CPU.ActiveCfg = Release|Any CPU
		{C1A45BD2-7D2A-45B1-B942-6F5F4D07E7F4}.Release|Any CPU.Build.0 = Release|Any CPU
		{3C14F622-2678-4053-BD8C-8AE64E44C468}.Debug|Any CPU.ActiveCfg = Debug|Any CPU
		{3C14F622-2678-4053-BD8C-8AE64E44C468}.Debug|Any CPU.Build.0 = Debug|Any CPU
		{3C14F622-2678-4053-BD8C-8AE64E44C468}.Release|Any CPU.ActiveCfg = Release|Any CPU
		{3C14F622-2678-4053-BD8C-8AE64E44C468}.Release|Any CPU.Build.0 = Release|Any CPU
		{E93041EA-7FFB-4ABE-B512-77DB615A1BC2}.Debug|Any CPU.ActiveCfg = Debug|Any CPU
		{E93041EA-7FFB-4ABE-B512-77DB615A1BC2}.Debug|Any CPU.Build.0 = Debug|Any CPU
		{E93041EA-7FFB-4ABE-B512-77DB615A1BC2}.Release|Any CPU.ActiveCfg = Release|Any CPU
		{E93041EA-7FFB-4ABE-B512-77DB615A1BC2}.Release|Any CPU.Build.0 = Release|Any CPU
		{ADB5C6AB-2BFE-4A83-823B-BDD8F1D4CB6E}.Debug|Any CPU.ActiveCfg = Debug|Any CPU
		{ADB5C6AB-2BFE-4A83-823B-BDD8F1D4CB6E}.Debug|Any CPU.Build.0 = Debug|Any CPU
		{ADB5C6AB-2BFE-4A83-823B-BDD8F1D4CB6E}.Release|Any CPU.ActiveCfg = Release|Any CPU
		{ADB5C6AB-2BFE-4A83-823B-BDD8F1D4CB6E}.Release|Any CPU.Build.0 = Release|Any CPU
	EndGlobalSection
	GlobalSection(SolutionProperties) = preSolution
		HideSolutionNode = FALSE
	EndGlobalSection
	GlobalSection(ExtensibilityGlobals) = postSolution
		SolutionGuid = {B7C7F5DA-6D0F-415B-99A2-30ADC967ECA0}
	EndGlobalSection
EndGlobal
